
Microsoft Visual Studio Solution File, Format Version 12.00
# Visual Studio Version 17
VisualStudioVersion = 17.6.33723.286
MinimumVisualStudioVersion = 10.0.40219.1
Project("{8BC9CEB8-8B4A-11D0-8D11-00A0C91BC942}") = "aug1", "aug1\aug1.vcxproj", "{D6616AFB-8788-4FA2-A2AA-8CDD846CF2BA}"
EndProject
Global
	GlobalSection(SolutionConfigurationPlatforms) = preSolution
		Debug|x64 = Debug|x64
		Debug|x86 = Debug|x86
		Release|x64 = Release|x64
		Release|x86 = Release|x86
	EndGlobalSection
	GlobalSection(ProjectConfigurationPlatforms) = postSolution
		{D6616AFB-8788-4FA2-A2AA-8CDD846CF2BA}.Debug|x64.ActiveCfg = Debug|x64
		{D6616AFB-8788-4FA2-A2AA-8CDD846CF2BA}.Debug|x64.Build.0 = Debug|x64
		{D6616AFB-8788-4FA2-A2AA-8CDD846CF2BA}.Debug|x86.ActiveCfg = Debug|Win32
		{D6616AFB-8788-4FA2-A2AA-8CDD846CF2BA}.Debug|x86.Build.0 = Debug|Win32
		{D6616AFB-8788-4FA2-A2AA-8CDD846CF2BA}.Release|x64.ActiveCfg = Release|x64
		{D6616AFB-8788-4FA2-A2AA-8CDD846CF2BA}.Release|x64.Build.0 = Release|x64
		{D6616AFB-8788-4FA2-A2AA-8CDD846CF2BA}.Release|x86.ActiveCfg = Release|Win32
		{D6616AFB-8788-4FA2-A2AA-8CDD846CF2BA}.Release|x86.Build.0 = Release|Win32
	EndGlobalSection
	GlobalSection(SolutionProperties) = preSolution
		HideSolutionNode = FALSE
	EndGlobalSection
	GlobalSection(ExtensibilityGlobals) = postSolution
		SolutionGuid = {A5806AC1-DB5C-4821-83A9-3F9F1D5436E3}
	EndGlobalSection
EndGlobal
